
Microsoft Visual Studio Solution File, Format Version 12.00
# Visual Studio Version 17
VisualStudioVersion = 17.12.35506.116
MinimumVisualStudioVersion = 10.0.40219.1
Project("{FAE04EC0-301F-11D3-BF4B-00C04F79EFBC}") = "LuckierBlackCat.Plugin", "src\LuckierBlackCat.Plugin\LuckierBlackCat.Plugin.csproj", "{2AD3D229-25C5-4A09-B1E8-83AAF62C5F1B}"
EndProject
Project("{2150E333-8FDC-42A3-9474-1A3956D46DE8}") = "src", "src", "{827E0CD3-B72D-47B6-A68D-7590B98EB39B}"
EndProject
Project("{FAE04EC0-301F-11D3-BF4B-00C04F79EFBC}") = "LuckierBlackCat.Core", "src\LuckierBlackCat.Core\LuckierBlackCat.Core.csproj", "{636A19F6-2C1E-494A-A1E2-A9F01ABD4B7C}"
EndProject
Project("{2150E333-8FDC-42A3-9474-1A3956D46DE8}") = "tests", "tests", "{0AB3BF05-4346-4AA6-1389-037BE0695223}"
EndProject
Project("{FAE04EC0-301F-11D3-BF4B-00C04F79EFBC}") = "LuckierBlackCat.Core.Tests", "tests\LuckierBlackCat.Core.Tests\LuckierBlackCat.Core.Tests.csproj", "{237ADA1B-7ECD-48CD-815D-6AC8E5FCB9E9}"
EndProject
Project("{FAE04EC0-301F-11D3-BF4B-00C04F79EFBC}") = "LuckierBlackCat.Contracts.Tests", "tests\LuckierBlackCat.Contracts.Tests\LuckierBlackCat.Contracts.Tests.csproj", "{674C5C8D-2789-446F-AE5B-71D848DF7EB7}"
EndProject
Project("{FAE04EC0-301F-11D3-BF4B-00C04F79EFBC}") = "LuckierBlackCat.Patching.Tests", "tests\LuckierBlackCat.Patching.Tests\LuckierBlackCat.Patching.Tests.csproj", "{6BCF8AF3-18CE-4048-8BDF-B013A1D9E7CC}"
EndProject
Global
	GlobalSection(SolutionConfigurationPlatforms) = preSolution
		Debug|Any CPU = Debug|Any CPU
		Debug|x64 = Debug|x64
		Debug|x86 = Debug|x86
		Release|Any CPU = Release|Any CPU
		Release|x64 = Release|x64
		Release|x86 = Release|x86
	EndGlobalSection
	GlobalSection(ProjectConfigurationPlatforms) = postSolution
		{2AD3D229-25C5-4A09-B1E8-83AAF62C5F1B}.Debug|Any CPU.ActiveCfg = Debug|Any CPU
		{2AD3D229-25C5-4A09-B1E8-83AAF62C5F1B}.Debug|Any CPU.Build.0 = Debug|Any CPU
		{2AD3D229-25C5-4A09-B1E8-83AAF62C5F1B}.Debug|x64.ActiveCfg = Debug|Any CPU
		{2AD3D229-25C5-4A09-B1E8-83AAF62C5F1B}.Debug|x64.Build.0 = Debug|Any CPU
		{2AD3D229-25C5-4A09-B1E8-83AAF62C5F1B}.Debug|x86.ActiveCfg = Debug|Any CPU
		{2AD3D229-25C5-4A09-B1E8-83AAF62C5F1B}.Debug|x86.Build.0 = Debug|Any CPU
		{2AD3D229-25C5-4A09-B1E8-83AAF62C5F1B}.Release|Any CPU.ActiveCfg = Release|Any CPU
		{2AD3D229-25C5-4A09-B1E8-83AAF62C5F1B}.Release|Any CPU.Build.0 = Release|Any CPU
		{2AD3D229-25C5-4A09-B1E8-83AAF62C5F1B}.Release|x64.ActiveCfg = Release|Any CPU
		{2AD3D229-25C5-4A09-B1E8-83AAF62C5F1B}.Release|x64.Build.0 = Release|Any CPU
		{2AD3D229-25C5-4A09-B1E8-83AAF62C5F1B}.Release|x86.ActiveCfg = Release|Any CPU
		{2AD3D229-25C5-4A09-B1E8-83AAF62C5F1B}.Release|x86.Build.0 = Release|Any CPU
		{636A19F6-2C1E-494A-A1E2-A9F01ABD4B7C}.Debug|Any CPU.ActiveCfg = Debug|Any CPU
		{636A19F6-2C1E-494A-A1E2-A9F01ABD4B7C}.Debug|Any CPU.Build.0 = Debug|Any CPU
		{636A19F6-2C1E-494A-A1E2-A9F01ABD4B7C}.Debug|x64.ActiveCfg = Debug|Any CPU
		{636A19F6-2C1E-494A-A1E2-A9F01ABD4B7C}.Debug|x64.Build.0 = Debug|Any CPU
		{636A19F6-2C1E-494A-A1E2-A9F01ABD4B7C}.Debug|x86.ActiveCfg = Debug|Any CPU
		{636A19F6-2C1E-494A-A1E2-A9F01ABD4B7C}.Debug|x86.Build.0 = Debug|Any CPU
		{636A19F6-2C1E-494A-A1E2-A9F01ABD4B7C}.Release|Any CPU.ActiveCfg = Release|Any CPU
		{636A19F6-2C1E-494A-A1E2-A9F01ABD4B7C}.Release|Any CPU.Build.0 = Release|Any CPU
		{636A19F6-2C1E-494A-A1E2-A9F01ABD4B7C}.Release|x64.ActiveCfg = Release|Any CPU
		{636A19F6-2C1E-494A-A1E2-A9F01ABD4B7C}.Release|x64.Build.0 = Release|Any CPU
		{636A19F6-2C1E-494A-A1E2-A9F01ABD4B7C}.Release|x86.ActiveCfg = Release|Any CPU
		{636A19F6-2C1E-494A-A1E2-A9F01ABD4B7C}.Release|x86.Build.0 = Release|Any CPU
		{237ADA1B-7ECD-48CD-815D-6AC8E5FCB9E9}.Debug|Any CPU.ActiveCfg = Debug|Any CPU
		{237ADA1B-7ECD-48CD-815D-6AC8E5FCB9E9}.Debug|Any CPU.Build.0 = Debug|Any CPU
		{237ADA1B-7ECD-48CD-815D-6AC8E5FCB9E9}.Debug|x64.ActiveCfg = Debug|Any CPU
		{237ADA1B-7ECD-48CD-815D-6AC8E5FCB9E9}.Debug|x64.Build.0 = Debug|Any CPU
		{237ADA1B-7ECD-48CD-815D-6AC8E5FCB9E9}.Debug|x86.ActiveCfg = Debug|Any CPU
		{237ADA1B-7ECD-48CD-815D-6AC8E5FCB9E9}.Debug|x86.Build.0 = Debug|Any CPU
		{237ADA1B-7ECD-48CD-815D-6AC8E5FCB9E9}.Release|Any CPU.ActiveCfg = Release|Any CPU
		{237ADA1B-7ECD-48CD-815D-6AC8E5FCB9E9}.Release|Any CPU.Build.0 = Release|Any CPU
		{237ADA1B-7ECD-48CD-815D-6AC8E5FCB9E9}.Release|x64.ActiveCfg = Release|Any CPU
		{237ADA1B-7ECD-48CD-815D-6AC8E5FCB9E9}.Release|x64.Build.0 = Release|Any CPU
		{237ADA1B-7ECD-48CD-815D-6AC8E5FCB9E9}.Release|x86.ActiveCfg = Release|Any CPU
		{237ADA1B-7ECD-48CD-815D-6AC8E5FCB9E9}.Release|x86.Build.0 = Release|Any CPU
		{674C5C8D-2789-446F-AE5B-71D848DF7EB7}.Debug|Any CPU.ActiveCfg = Debug|Any CPU
		{674C5C8D-2789-446F-AE5B-71D848DF7EB7}.Debug|Any CPU.Build.0 = Debug|Any CPU
		{674C5C8D-2789-446F-AE5B-71D848DF7EB7}.Debug|x64.ActiveCfg = Debug|Any CPU
		{674C5C8D-2789-446F-AE5B-71D848DF7EB7}.Debug|x64.Build.0 = Debug|Any CPU
		{674C5C8D-2789-446F-AE5B-71D848DF7EB7}.Debug|x86.ActiveCfg = Debug|Any CPU
		{674C5C8D-2789-446F-AE5B-71D848DF7EB7}.Debug|x86.Build.0 = Debug|Any CPU
		{674C5C8D-2789-446F-AE5B-71D848DF7EB7}.Release|Any CPU.ActiveCfg = Release|Any CPU
		{674C5C8D-2789-446F-AE5B-71D848DF7EB7}.Release|Any CPU.Build.0 = Release|Any CPU
		{674C5C8D-2789-446F-AE5B-71D848DF7EB7}.Release|x64.ActiveCfg = Release|Any CPU
		{674C5C8D-2789-446F-AE5B-71D848DF7EB7}.Release|x64.Build.0 = Release|Any CPU
		{674C5C8D-2789-446F-AE5B-71D848DF7EB7}.Release|x86.ActiveCfg = Release|Any CPU
		{674C5C8D-2789-446F-AE5B-71D848DF7EB7}.Release|x86.Build.0 = Release|Any CPU
		{6BCF8AF3-18CE-4048-8BDF-B013A1D9E7CC}.Debug|Any CPU.ActiveCfg = Debug|Any CPU
		{6BCF8AF3-18CE-4048-8BDF-B013A1D9E7CC}.Debug|Any CPU.Build.0 = Debug|Any CPU
		{6BCF8AF3-18CE-4048-8BDF-B013A1D9E7CC}.Debug|x64.ActiveCfg = Debug|Any CPU
		{6BCF8AF3-18CE-4048-8BDF-B013A1D9E7CC}.Debug|x64.Build.0 = Debug|Any CPU
		{6BCF8AF3-18CE-4048-8BDF-B013A1D9E7CC}.Debug|x86.ActiveCfg = Debug|Any CPU
		{6BCF8AF3-18CE-4048-8BDF-B013A1D9E7CC}.Debug|x86.Build.0 = Debug|Any CPU
		{6BCF8AF3-18CE-4048-8BDF-B013A1D9E7CC}.Release|Any CPU.ActiveCfg = Release|Any CPU
		{6BCF8AF3-18CE-4048-8BDF-B013A1D9E7CC}.Release|Any CPU.Build.0 = Release|Any CPU
		{6BCF8AF3-18CE-4048-8BDF-B013A1D9E7CC}.Release|x64.ActiveCfg = Release|Any CPU
		{6BCF8AF3-18CE-4048-8BDF-B013A1D9E7CC}.Release|x64.Build.0 = Release|Any CPU
		{6BCF8AF3-18CE-4048-8BDF-B013A1D9E7CC}.Release|x86.ActiveCfg = Release|Any CPU
		{6BCF8AF3-18CE-4048-8BDF-B013A1D9E7CC}.Release|x86.Build.0 = Release|Any CPU
	EndGlobalSection
	GlobalSection(SolutionProperties) = preSolution
		HideSolutionNode = FALSE
	EndGlobalSection
	GlobalSection(NestedProjects) = preSolution
		{636A19F6-2C1E-494A-A1E2-A9F01ABD4B7C} = {827E0CD3-B72D-47B6-A68D-7590B98EB39B}
		{237ADA1B-7ECD-48CD-815D-6AC8E5FCB9E9} = {0AB3BF05-4346-4AA6-1389-037BE0695223}
		{674C5C8D-2789-446F-AE5B-71D848DF7EB7} = {0AB3BF05-4346-4AA6-1389-037BE0695223}
		{6BCF8AF3-18CE-4048-8BDF-B013A1D9E7CC} = {0AB3BF05-4346-4AA6-1389-037BE0695223}
	EndGlobalSection
EndGlobal
